#MicroXplorer Configuration settings - do not modify
CAD.formats=
CAD.pinconfig=
CAD.provider=
File.Version=6
GPIO.groupedBy=Group By Peripherals
I2C1.I2C_Mode=I2C_Standard
I2C1.IPParameters=I2C_Mode
KeepUserPlacement=false
Mcu.CPN=STM32F103ZET6
Mcu.Family=STM32F1
Mcu.IP0=I2C1
Mcu.IP1=NVIC
Mcu.IP2=RCC
Mcu.IP3=SYS
Mcu.IP4=USART1
Mcu.IPNb=5
Mcu.Name=STM32F103Z(C-D-E)Tx
Mcu.Package=LQFP144
Mcu.Pin0=PE2
Mcu.Pin1=PE3
Mcu.Pin10=PF5
Mcu.Pin11=PF6
Mcu.Pin12=PF7
Mcu.Pin13=PF8
Mcu.Pin14=PF9
Mcu.Pin15=PF10
Mcu.Pin16=PC0
Mcu.Pin17=PC1
Mcu.Pin18=PC2
Mcu.Pin19=PC3
Mcu.Pin2=PE4
Mcu.Pin20=PA0-WKUP
Mcu.Pin21=PA1
Mcu.Pin22=PA2
Mcu.Pin23=PA3
Mcu.Pin24=PA4
Mcu.Pin25=PA5
Mcu.Pin26=PA6
Mcu.Pin27=PA7
Mcu.Pin28=PB0
Mcu.Pin29=PB1
Mcu.Pin3=PE5
Mcu.Pin30=PB2
Mcu.Pin31=PF11
Mcu.Pin32=PF12
Mcu.Pin33=PF13
Mcu.Pin34=PF14
Mcu.Pin35=PF15
Mcu.Pin36=PE7
Mcu.Pin37=PE8
Mcu.Pin38=PE9
Mcu.Pin39=PE10
Mcu.Pin4=PE6
Mcu.Pin40=PE11
Mcu.Pin41=PE12
Mcu.Pin42=PE13
Mcu.Pin43=PE14
Mcu.Pin44=PE15
Mcu.Pin45=PB10
Mcu.Pin46=PB11
Mcu.Pin47=PB12
Mcu.Pin48=PB13
Mcu.Pin49=PB14
Mcu.Pin5=PF0
Mcu.Pin50=PB15
Mcu.Pin51=PD8
Mcu.Pin52=PD9
Mcu.Pin53=PD10
Mcu.Pin54=PD11
Mcu.Pin55=PD12
Mcu.Pin56=PD13
Mcu.Pin57=PD14
Mcu.Pin58=PD15
Mcu.Pin59=PA8
Mcu.Pin6=PF1
Mcu.Pin60=PA9
Mcu.Pin61=PA10
Mcu.Pin62=PA11
Mcu.Pin63=PA12
Mcu.Pin64=PA13
Mcu.Pin65=PA14
Mcu.Pin66=PA15
Mcu.Pin67=PD0
Mcu.Pin68=PD1
Mcu.Pin69=PD2
Mcu.Pin7=PF2
Mcu.Pin70=PD3
Mcu.Pin71=PD4
Mcu.Pin72=PD5
Mcu.Pin73=PD6
Mcu.Pin74=PD7
Mcu.Pin75=PB3
Mcu.Pin76=PB4
Mcu.Pin77=PB5
Mcu.Pin78=PB6
Mcu.Pin79=PB7
Mcu.Pin8=PF3
Mcu.Pin80=PB8
Mcu.Pin81=PB9
Mcu.Pin82=PE0
Mcu.Pin83=PE1
Mcu.Pin84=VP_SYS_VS_ND
Mcu.Pin85=VP_SYS_VS_Systick
Mcu.Pin9=PF4
Mcu.PinsNb=86
Mcu.ThirdPartyNb=0
Mcu.UserConstants=
Mcu.UserName=STM32F103ZETx
MxCube.Version=6.8.1
MxDb.Version=DB.6.0.81
NVIC.BusFault_IRQn=true\:0\:0\:false\:false\:true\:false\:false\:false
NVIC.DebugMonitor_IRQn=true\:0\:0\:false\:false\:true\:false\:false\:false
NVIC.EXTI0_IRQn=true\:0\:0\:false\:false\:true\:true\:true\:true
NVIC.EXTI15_10_IRQn=true\:0\:0\:false\:false\:true\:true\:true\:true
NVIC.EXTI1_IRQn=true\:0\:0\:false\:false\:true\:true\:true\:true
NVIC.EXTI2_IRQn=true\:0\:0\:false\:false\:true\:true\:true\:true
NVIC.EXTI3_IRQn=true\:0\:0\:false\:false\:true\:true\:true\:true
NVIC.EXTI4_IRQn=true\:0\:0\:false\:false\:true\:true\:true\:true
NVIC.EXTI9_5_IRQn=true\:0\:0\:false\:false\:true\:true\:true\:true
NVIC.FLASH_IRQn=true\:0\:0\:false\:false\:true\:true\:true\:true
NVIC.ForceEnableDMAVector=true
NVIC.HardFault_IRQn=true\:0\:0\:false\:false\:true\:false\:false\:false
NVIC.I2C1_EV_IRQn=true\:0\:0\:false\:false\:true\:true\:true\:true
NVIC.MemoryManagement_IRQn=true\:0\:0\:false\:false\:true\:false\:false\:false
NVIC.NonMaskableInt_IRQn=true\:0\:0\:false\:false\:true\:false\:false\:false
NVIC.PVD_IRQn=true\:0\:0\:false\:false\:true\:true\:true\:true
NVIC.PendSV_IRQn=true\:0\:0\:false\:false\:true\:false\:false\:false
NVIC.PriorityGroup=NVIC_PRIORITYGROUP_4
NVIC.RCC_IRQn=true\:0\:0\:false\:false\:true\:true\:false\:true
NVIC.SVCall_IRQn=true\:0\:0\:false\:false\:true\:false\:false\:false
NVIC.SysTick_IRQn=true\:15\:0\:false\:false\:true\:false\:true\:false
NVIC.USART1_IRQn=true\:0\:0\:false\:false\:true\:true\:true\:true
NVIC.UsageFault_IRQn=true\:0\:0\:false\:false\:true\:false\:false\:false
PA0-WKUP.GPIOParameters=GPIO_Speed,PinState,GPIO_Label
PA0-WKUP.GPIO_Label=Motor
PA0-WKUP.GPIO_Speed=GPIO_SPEED_FREQ_LOW
PA0-WKUP.Locked=true
PA0-WKUP.PinState=GPIO_PIN_SET
PA0-WKUP.Signal=GPIO_Output
PA1.GPIOParameters=GPIO_Speed,PinState,GPIO_Label
PA1.GPIO_Label=Motor
PA1.GPIO_Speed=GPIO_SPEED_FREQ_LOW
PA1.Locked=true
PA1.PinState=GPIO_PIN_SET
PA1.Signal=GPIO_Output
PA10.Mode=Asynchronous
PA10.Signal=USART1_RX
PA11.GPIOParameters=GPIO_Speed,PinState,GPIO_Label
PA11.GPIO_Label=Motor
PA11.GPIO_Speed=GPIO_SPEED_FREQ_LOW
PA11.Locked=true
PA11.PinState=GPIO_PIN_SET
PA11.Signal=GPIO_Output
PA12.GPIOParameters=GPIO_Speed,PinState,GPIO_Label
PA12.GPIO_Label=Motor
PA12.GPIO_Speed=GPIO_SPEED_FREQ_LOW
PA12.Locked=true
PA12.PinState=GPIO_PIN_SET
PA12.Signal=GPIO_Output
PA13.GPIOParameters=GPIO_Speed,PinState,GPIO_Label
PA13.GPIO_Label=Motor
PA13.GPIO_Speed=GPIO_SPEED_FREQ_LOW
PA13.Locked=true
PA13.PinState=GPIO_PIN_SET
PA13.Signal=GPIO_Output
PA14.GPIOParameters=GPIO_Speed,PinState,GPIO_Label
PA14.GPIO_Label=Motor
PA14.GPIO_Speed=GPIO_SPEED_FREQ_LOW
PA14.Locked=true
PA14.PinState=GPIO_PIN_SET
PA14.Signal=GPIO_Output
PA15.GPIOParameters=GPIO_Speed,PinState,GPIO_Label
PA15.GPIO_Label=Motor
PA15.GPIO_Speed=GPIO_SPEED_FREQ_LOW
PA15.Locked=true
PA15.PinState=GPIO_PIN_SET
PA15.Signal=GPIO_Output
PA2.GPIOParameters=GPIO_Speed,PinState,GPIO_Label
PA2.GPIO_Label=Motor
PA2.GPIO_Speed=GPIO_SPEED_FREQ_LOW
PA2.Locked=true
PA2.PinState=GPIO_PIN_SET
PA2.Signal=GPIO_Output
PA3.GPIOParameters=GPIO_Speed,PinState,GPIO_Label
PA3.GPIO_Label=Motor
PA3.GPIO_Speed=GPIO_SPEED_FREQ_LOW
PA3.Locked=true
PA3.PinState=GPIO_PIN_SET
PA3.Signal=GPIO_Output
PA4.GPIOParameters=GPIO_Speed,PinState,GPIO_Label
PA4.GPIO_Label=Motor
PA4.GPIO_Speed=GPIO_SPEED_FREQ_LOW
PA4.Locked=true
PA4.PinState=GPIO_PIN_SET
PA4.Signal=GPIO_Output
PA5.GPIOParameters=GPIO_Speed,PinState,GPIO_Label
PA5.GPIO_Label=Motor
PA5.GPIO_Speed=GPIO_SPEED_FREQ_LOW
PA5.Locked=true
PA5.PinState=GPIO_PIN_SET
PA5.Signal=GPIO_Output
PA6.GPIOParameters=GPIO_Speed,PinState,GPIO_Label
PA6.GPIO_Label=Motor
PA6.GPIO_Speed=GPIO_SPEED_FREQ_LOW
PA6.Locked=true
PA6.PinState=GPIO_PIN_SET
PA6.Signal=GPIO_Output
PA7.GPIOParameters=GPIO_Speed,PinState,GPIO_Label
PA7.GPIO_Label=Motor
PA7.GPIO_Speed=GPIO_SPEED_FREQ_LOW
PA7.Locked=true
PA7.PinState=GPIO_PIN_SET
PA7.Signal=GPIO_Output
PA8.GPIOParameters=GPIO_Speed,PinState,GPIO_Label
PA8.GPIO_Label=Motor
PA8.GPIO_Speed=GPIO_SPEED_FREQ_LOW
PA8.Locked=true
PA8.PinState=GPIO_PIN_SET
PA8.Signal=GPIO_Output
PA9.Mode=Asynchronous
PA9.Signal=USART1_TX
PB0.GPIOParameters=PinState,GPIO_Label
PB0.GPIO_Label=Motor
PB0.Locked=true
PB0.PinState=GPIO_PIN_SET
PB0.Signal=GPIO_Output
PB1.GPIOParameters=PinState,GPIO_Label
PB1.GPIO_Label=Motor
PB1.Locked=true
PB1.PinState=GPIO_PIN_SET
PB1.Signal=GPIO_Output
PB10.GPIOParameters=PinState,GPIO_Label
PB10.GPIO_Label=Motor
PB10.Locked=true
PB10.PinState=GPIO_PIN_SET
PB10.Signal=GPIO_Output
PB11.GPIOParameters=PinState,GPIO_Label
PB11.GPIO_Label=Motor
PB11.Locked=true
PB11.PinState=GPIO_PIN_SET
PB11.Signal=GPIO_Output
PB12.GPIOParameters=PinState,GPIO_Label
PB12.GPIO_Label=Motor
PB12.Locked=true
PB12.PinState=GPIO_PIN_SET
PB12.Signal=GPIO_Output
PB13.GPIOParameters=PinState,GPIO_Label
PB13.GPIO_Label=Motor
PB13.Locked=true
PB13.PinState=GPIO_PIN_SET
PB13.Signal=GPIO_Output
PB14.GPIOParameters=PinState,GPIO_Label
PB14.GPIO_Label=Motor
PB14.Locked=true
PB14.PinState=GPIO_PIN_SET
PB14.Signal=GPIO_Output
PB15.GPIOParameters=PinState,GPIO_Label
PB15.GPIO_Label=Motor
PB15.Locked=true
PB15.PinState=GPIO_PIN_SET
PB15.Signal=GPIO_Output
PB2.GPIOParameters=PinState,GPIO_Label
PB2.GPIO_Label=Motor
PB2.Locked=true
PB2.PinState=GPIO_PIN_SET
PB2.Signal=GPIO_Output
PB3.GPIOParameters=PinState,GPIO_Label
PB3.GPIO_Label=Motor
PB3.Locked=true
PB3.PinState=GPIO_PIN_SET
PB3.Signal=GPIO_Output
PB4.GPIOParameters=PinState,GPIO_Label
PB4.GPIO_Label=Motor
PB4.Locked=true
PB4.PinState=GPIO_PIN_SET
PB4.Signal=GPIO_Output
PB5.GPIOParameters=PinState,GPIO_Label
PB5.GPIO_Label=Motor
PB5.Locked=true
PB5.PinState=GPIO_PIN_SET
PB5.Signal=GPIO_Output
PB6.Mode=I2C
PB6.Signal=I2C1_SCL
PB7.Mode=I2C
PB7.Signal=I2C1_SDA
PB8.GPIOParameters=PinState,GPIO_Label
PB8.GPIO_Label=Motor
PB8.Locked=true
PB8.PinState=GPIO_PIN_SET
PB8.Signal=GPIO_Output
PB9.GPIOParameters=PinState,GPIO_Label
PB9.GPIO_Label=Motor
PB9.Locked=true
PB9.PinState=GPIO_PIN_SET
PB9.Signal=GPIO_Output
PC0.GPIOParameters=PinState,GPIO_Label
PC0.GPIO_Label=Motor
PC0.Locked=true
PC0.PinState=GPIO_PIN_SET
PC0.Signal=GPIO_Output
PC1.GPIOParameters=PinState,GPIO_Label
PC1.GPIO_Label=Motor
PC1.Locked=true
PC1.PinState=GPIO_PIN_SET
PC1.Signal=GPIO_Output
PC2.GPIOParameters=PinState,GPIO_Label
PC2.GPIO_Label=Motor
PC2.Locked=true
PC2.PinState=GPIO_PIN_SET
PC2.Signal=GPIO_Output
PC3.GPIOParameters=PinState,GPIO_Label
PC3.GPIO_Label=Motor
PC3.Locked=true
PC3.PinState=GPIO_PIN_SET
PC3.Signal=GPIO_Output
PD0.GPIOParameters=GPIO_PuPd,GPIO_Label,GPIO_Mode
PD0.GPIO_Label=Switch
PD0.GPIO_Mode=GPIO_MODE_INPUT
PD0.GPIO_PuPd=GPIO_NOPULL
PD0.Locked=true
PD0.Signal=GPIO_Input
PD1.GPIOParameters=GPIO_PuPd,GPIO_Label,GPIO_Mode
PD1.GPIO_Label=Switch
PD1.GPIO_Mode=GPIO_MODE_INPUT
PD1.GPIO_PuPd=GPIO_NOPULL
PD1.Locked=true
PD1.Signal=GPIO_Input
PD10.GPIOParameters=GPIO_PuPd,GPIO_Label,GPIO_Mode
PD10.GPIO_Label=Switch
PD10.GPIO_Mode=GPIO_MODE_INPUT
PD10.GPIO_PuPd=GPIO_NOPULL
PD10.Locked=true
PD10.Signal=GPIO_Input
PD11.GPIOParameters=GPIO_PuPd,GPIO_Label,GPIO_Mode
PD11.GPIO_Label=Switch
PD11.GPIO_Mode=GPIO_MODE_INPUT
PD11.GPIO_PuPd=GPIO_NOPULL
PD11.Locked=true
PD11.Signal=GPIO_Input
PD12.GPIOParameters=GPIO_PuPd,GPIO_Label,GPIO_Mode
PD12.GPIO_Label=Switch
PD12.GPIO_Mode=GPIO_MODE_INPUT
PD12.GPIO_PuPd=GPIO_NOPULL
PD12.Locked=true
PD12.Signal=GPIO_Input
PD13.GPIOParameters=GPIO_PuPd,GPIO_Label,GPIO_Mode
PD13.GPIO_Label=Switch
PD13.GPIO_Mode=GPIO_MODE_INPUT
PD13.GPIO_PuPd=GPIO_NOPULL
PD13.Locked=true
PD13.Signal=GPIO_Input
PD14.GPIOParameters=GPIO_PuPd,GPIO_Label,GPIO_Mode
PD14.GPIO_Label=Switch
PD14.GPIO_Mode=GPIO_MODE_INPUT
PD14.GPIO_PuPd=GPIO_NOPULL
PD14.Locked=true
PD14.Signal=GPIO_Input
PD15.GPIOParameters=GPIO_PuPd,GPIO_Label,GPIO_Mode
PD15.GPIO_Label=Switch
PD15.GPIO_Mode=GPIO_MODE_INPUT
PD15.GPIO_PuPd=GPIO_NOPULL
PD15.Locked=true
PD15.Signal=GPIO_Input
PD2.GPIOParameters=GPIO_PuPd,GPIO_Label,GPIO_Mode
PD2.GPIO_Label=Switch
PD2.GPIO_Mode=GPIO_MODE_INPUT
PD2.GPIO_PuPd=GPIO_NOPULL
PD2.Locked=true
PD2.Signal=GPIO_Input
PD3.GPIOParameters=GPIO_PuPd,GPIO_Label,GPIO_Mode
PD3.GPIO_Label=Switch
PD3.GPIO_Mode=GPIO_MODE_INPUT
PD3.GPIO_PuPd=GPIO_NOPULL
PD3.Locked=true
PD3.Signal=GPIO_Input
PD4.GPIOParameters=GPIO_PuPd,GPIO_Label,GPIO_Mode
PD4.GPIO_Label=Switch
PD4.GPIO_Mode=GPIO_MODE_INPUT
PD4.GPIO_PuPd=GPIO_NOPULL
PD4.Locked=true
PD4.Signal=GPIO_Input
PD5.GPIOParameters=GPIO_PuPd,GPIO_Label,GPIO_Mode
PD5.GPIO_Label=Switch
PD5.GPIO_Mode=GPIO_MODE_INPUT
PD5.GPIO_PuPd=GPIO_NOPULL
PD5.Locked=true
PD5.Signal=GPIO_Input
PD6.GPIOParameters=GPIO_PuPd,GPIO_Label,GPIO_Mode
PD6.GPIO_Label=Switch
PD6.GPIO_Mode=GPIO_MODE_INPUT
PD6.GPIO_PuPd=GPIO_NOPULL
PD6.Locked=true
PD6.Signal=GPIO_Input
PD7.GPIOParameters=GPIO_PuPd,GPIO_Label,GPIO_Mode
PD7.GPIO_Label=Switch
PD7.GPIO_Mode=GPIO_MODE_INPUT
PD7.GPIO_PuPd=GPIO_NOPULL
PD7.Locked=true
PD7.Signal=GPIO_Input
PD8.GPIOParameters=GPIO_PuPd,GPIO_Label,GPIO_Mode
PD8.GPIO_Label=Switch
PD8.GPIO_Mode=GPIO_MODE_INPUT
PD8.GPIO_PuPd=GPIO_NOPULL
PD8.Locked=true
PD8.Signal=GPIO_Input
PD9.GPIOParameters=GPIO_PuPd,GPIO_Label,GPIO_Mode
PD9.GPIO_Label=Switch
PD9.GPIO_Mode=GPIO_MODE_INPUT
PD9.GPIO_PuPd=GPIO_NOPULL
PD9.Locked=true
PD9.Signal=GPIO_Input
PE0.GPIOParameters=GPIO_PuPd,GPIO_Label,GPIO_Mode
PE0.GPIO_Label=EncoderB
PE0.GPIO_Mode=GPIO_MODE_INPUT
PE0.GPIO_PuPd=GPIO_NOPULL
PE0.Locked=true
PE0.Signal=GPIO_Input
PE1.GPIOParameters=GPIO_PuPd,GPIO_Label,GPIO_Mode
PE1.GPIO_Label=EncoderB
PE1.GPIO_Mode=GPIO_MODE_INPUT
PE1.GPIO_PuPd=GPIO_NOPULL
PE1.Locked=true
PE1.Signal=GPIO_Input
PE10.GPIOParameters=GPIO_PuPd,GPIO_Label,GPIO_Mode
PE10.GPIO_Label=EncoderB
PE10.GPIO_Mode=GPIO_MODE_INPUT
PE10.GPIO_PuPd=GPIO_NOPULL
PE10.Locked=true
PE10.Signal=GPIO_Input
PE11.GPIOParameters=GPIO_PuPd,GPIO_Label,GPIO_Mode
PE11.GPIO_Label=EncoderB
PE11.GPIO_Mode=GPIO_MODE_INPUT
PE11.GPIO_PuPd=GPIO_NOPULL
PE11.Locked=true
PE11.Signal=GPIO_Input
PE12.GPIOParameters=GPIO_PuPd,GPIO_Label,GPIO_Mode
PE12.GPIO_Label=EncoderB
PE12.GPIO_Mode=GPIO_MODE_INPUT
PE12.GPIO_PuPd=GPIO_NOPULL
PE12.Locked=true
PE12.Signal=GPIO_Input
PE13.GPIOParameters=GPIO_PuPd,GPIO_Label,GPIO_Mode
PE13.GPIO_Label=EncoderB
PE13.GPIO_Mode=GPIO_MODE_INPUT
PE13.GPIO_PuPd=GPIO_NOPULL
PE13.Locked=true
PE13.Signal=GPIO_Input
PE14.GPIOParameters=GPIO_PuPd,GPIO_Label,GPIO_Mode
PE14.GPIO_Label=EncoderB
PE14.GPIO_Mode=GPIO_MODE_INPUT
PE14.GPIO_PuPd=GPIO_NOPULL
PE14.Locked=true
PE14.Signal=GPIO_Input
PE15.GPIOParameters=GPIO_PuPd,GPIO_Label,GPIO_Mode
PE15.GPIO_Label=EncoderB
PE15.GPIO_Mode=GPIO_MODE_INPUT
PE15.GPIO_PuPd=GPIO_NOPULL
PE15.Locked=true
PE15.Signal=GPIO_Input
PE2.GPIOParameters=GPIO_PuPd,GPIO_Label,GPIO_Mode
PE2.GPIO_Label=EncoderB
PE2.GPIO_Mode=GPIO_MODE_INPUT
PE2.GPIO_PuPd=GPIO_NOPULL
PE2.Locked=true
PE2.Signal=GPIO_Input
PE3.GPIOParameters=GPIO_PuPd,GPIO_Label,GPIO_Mode
PE3.GPIO_Label=EncoderB
PE3.GPIO_Mode=GPIO_MODE_INPUT
PE3.GPIO_PuPd=GPIO_NOPULL
PE3.Locked=true
PE3.Signal=GPIO_Input
PE4.GPIOParameters=GPIO_PuPd,GPIO_Label,GPIO_Mode
PE4.GPIO_Label=EncoderB
PE4.GPIO_Mode=GPIO_MODE_INPUT
PE4.GPIO_PuPd=GPIO_NOPULL
PE4.Locked=true
PE4.Signal=GPIO_Input
PE5.GPIOParameters=GPIO_PuPd,GPIO_Label,GPIO_Mode
PE5.GPIO_Label=EncoderB
PE5.GPIO_Mode=GPIO_MODE_INPUT
PE5.GPIO_PuPd=GPIO_NOPULL
PE5.Locked=true
PE5.Signal=GPIO_Input
PE6.GPIOParameters=GPIO_PuPd,GPIO_Label,GPIO_Mode
PE6.GPIO_Label=EncoderB
PE6.GPIO_Mode=GPIO_MODE_INPUT
PE6.GPIO_PuPd=GPIO_NOPULL
PE6.Locked=true
PE6.Signal=GPIO_Input
PE7.GPIOParameters=GPIO_PuPd,GPIO_Label,GPIO_Mode
PE7.GPIO_Label=EncoderB
PE7.GPIO_Mode=GPIO_MODE_INPUT
PE7.GPIO_PuPd=GPIO_NOPULL
PE7.Locked=true
PE7.Signal=GPIO_Input
PE8.GPIOParameters=GPIO_PuPd,GPIO_Label,GPIO_Mode
PE8.GPIO_Label=EncoderB
PE8.GPIO_Mode=GPIO_MODE_INPUT
PE8.GPIO_PuPd=GPIO_NOPULL
PE8.Locked=true
PE8.Signal=GPIO_Input
PE9.GPIOParameters=GPIO_PuPd,GPIO_Label,GPIO_Mode
PE9.GPIO_Label=EncoderB
PE9.GPIO_Mode=GPIO_MODE_INPUT
PE9.GPIO_PuPd=GPIO_NOPULL
PE9.Locked=true
PE9.Signal=GPIO_Input
PF0.GPIOParameters=GPIO_PuPd,GPIO_Label,GPIO_ModeDefaultEXTI
PF0.GPIO_Label=EncoderA
PF0.GPIO_ModeDefaultEXTI=GPIO_MODE_IT_RISING
PF0.GPIO_PuPd=GPIO_NOPULL
PF0.Locked=true
PF0.Signal=GPXTI0
PF1.GPIOParameters=GPIO_PuPd,GPIO_Label,GPIO_ModeDefaultEXTI
PF1.GPIO_Label=EncoderA
PF1.GPIO_ModeDefaultEXTI=GPIO_MODE_IT_RISING
PF1.GPIO_PuPd=GPIO_NOPULL
PF1.Locked=true
PF1.Signal=GPXTI1
PF10.GPIOParameters=GPIO_PuPd,GPIO_Label,GPIO_ModeDefaultEXTI
PF10.GPIO_Label=EncoderA
PF10.GPIO_ModeDefaultEXTI=GPIO_MODE_IT_RISING
PF10.GPIO_PuPd=GPIO_NOPULL
PF10.Locked=true
PF10.Signal=GPXTI10
PF11.GPIOParameters=GPIO_PuPd,GPIO_Label,GPIO_ModeDefaultEXTI
PF11.GPIO_Label=EncoderA
PF11.GPIO_ModeDefaultEXTI=GPIO_MODE_IT_RISING
PF11.GPIO_PuPd=GPIO_NOPULL
PF11.Locked=true
PF11.Signal=GPXTI11
PF12.GPIOParameters=GPIO_PuPd,GPIO_Label,GPIO_ModeDefaultEXTI
PF12.GPIO_Label=EncoderA
PF12.GPIO_ModeDefaultEXTI=GPIO_MODE_IT_RISING
PF12.GPIO_PuPd=GPIO_NOPULL
PF12.Locked=true
PF12.Signal=GPXTI12
PF13.GPIOParameters=GPIO_PuPd,GPIO_Label,GPIO_ModeDefaultEXTI
PF13.GPIO_Label=EncoderA
PF13.GPIO_ModeDefaultEXTI=GPIO_MODE_IT_RISING
PF13.GPIO_PuPd=GPIO_NOPULL
PF13.Locked=true
PF13.Signal=GPXTI13
PF14.GPIOParameters=GPIO_PuPd,GPIO_Label,GPIO_ModeDefaultEXTI
PF14.GPIO_Label=EncoderA
PF14.GPIO_ModeDefaultEXTI=GPIO_MODE_IT_RISING
PF14.GPIO_PuPd=GPIO_NOPULL
PF14.Locked=true
PF14.Signal=GPXTI14
PF15.GPIOParameters=GPIO_Label
PF15.GPIO_Label=EncoderA
PF15.Locked=true
PF15.Signal=GPXTI15
PF2.GPIOParameters=GPIO_PuPd,GPIO_Label,GPIO_ModeDefaultEXTI
PF2.GPIO_Label=EncoderA
PF2.GPIO_ModeDefaultEXTI=GPIO_MODE_IT_RISING
PF2.GPIO_PuPd=GPIO_NOPULL
PF2.Locked=true
PF2.Signal=GPXTI2
PF3.GPIOParameters=GPIO_Label
PF3.GPIO_Label=EncoderA
PF3.Locked=true
PF3.Signal=GPXTI3
PF4.GPIOParameters=GPIO_PuPd,GPIO_Label,GPIO_ModeDefaultEXTI
PF4.GPIO_Label=EncoderA
PF4.GPIO_ModeDefaultEXTI=GPIO_MODE_IT_RISING
PF4.GPIO_PuPd=GPIO_NOPULL
PF4.Locked=true
PF4.Signal=GPXTI4
PF5.GPIOParameters=GPIO_PuPd,GPIO_Label,GPIO_ModeDefaultEXTI
PF5.GPIO_Label=EncoderA
PF5.GPIO_ModeDefaultEXTI=GPIO_MODE_IT_RISING
PF5.GPIO_PuPd=GPIO_NOPULL
PF5.Locked=true
PF5.Signal=GPXTI5
PF6.GPIOParameters=GPIO_PuPd,GPIO_Label,GPIO_ModeDefaultEXTI
PF6.GPIO_Label=EncoderA
PF6.GPIO_ModeDefaultEXTI=GPIO_MODE_IT_RISING
PF6.GPIO_PuPd=GPIO_NOPULL
PF6.Locked=true
PF6.Signal=GPXTI6
PF7.GPIOParameters=GPIO_PuPd,GPIO_Label,GPIO_ModeDefaultEXTI
PF7.GPIO_Label=EncoderA
PF7.GPIO_ModeDefaultEXTI=GPIO_MODE_IT_RISING
PF7.GPIO_PuPd=GPIO_NOPULL
PF7.Locked=true
PF7.Signal=GPXTI7
PF8.GPIOParameters=GPIO_PuPd,GPIO_Label,GPIO_ModeDefaultEXTI
PF8.GPIO_Label=EncoderA
PF8.GPIO_ModeDefaultEXTI=GPIO_MODE_IT_RISING
PF8.GPIO_PuPd=GPIO_NOPULL
PF8.Locked=true
PF8.Signal=GPXTI8
PF9.GPIOParameters=GPIO_PuPd,GPIO_Label,GPIO_ModeDefaultEXTI
PF9.GPIO_Label=EncoderA
PF9.GPIO_ModeDefaultEXTI=GPIO_MODE_IT_RISING
PF9.GPIO_PuPd=GPIO_NOPULL
PF9.Locked=true
PF9.Signal=GPXTI9
PinOutPanel.RotationAngle=0
ProjectManager.AskForMigrate=true
ProjectManager.BackupPrevious=false
ProjectManager.CompilerOptimize=6
ProjectManager.ComputerToolchain=false
ProjectManager.CoupleFile=true
ProjectManager.CustomerFirmwarePackage=
ProjectManager.DefaultFWLocation=true
ProjectManager.DeletePrevious=true
ProjectManager.DeviceId=STM32F103ZETx
ProjectManager.FirmwarePackage=STM32Cube FW_F1 V1.8.4
ProjectManager.FreePins=false
ProjectManager.HalAssertFull=false
ProjectManager.HeapSize=0x200
ProjectManager.KeepUserCode=true
ProjectManager.LastFirmware=true
ProjectManager.LibraryCopy=0
ProjectManager.MainLocation=Core/Src
ProjectManager.NoMain=false
ProjectManager.PreviousToolchain=
ProjectManager.ProjectBuild=false
ProjectManager.ProjectFileName=Peng_PinArray.ioc
ProjectManager.ProjectName=Peng_PinArray
ProjectManager.ProjectStructure=
ProjectManager.RegisterCallBack=
ProjectManager.StackSize=0x400
ProjectManager.TargetToolchain=MDK-ARM V5.32
ProjectManager.ToolChainLocation=
ProjectManager.UnderRoot=false
ProjectManager.functionlistsort=1-SystemClock_Config-RCC-false-HAL-false,2-MX_GPIO_Init-GPIO-false-HAL-true,3-MX_USART1_UART_Init-USART1-false-HAL-true
RCC.APB1Freq_Value=8000000
RCC.APB2Freq_Value=8000000
RCC.FamilyName=M
RCC.IPParameters=APB1Freq_Value,APB2Freq_Value,FamilyName,PLLCLKFreq_Value,PLLMCOFreq_Value,TimSysFreq_Value
RCC.PLLCLKFreq_Value=8000000
RCC.PLLMCOFreq_Value=4000000
RCC.TimSysFreq_Value=8000000
SH.GPXTI0.0=GPIO_EXTI0
SH.GPXTI0.ConfNb=1
SH.GPXTI1.0=GPIO_EXTI1
SH.GPXTI1.ConfNb=1
SH.GPXTI10.0=GPIO_EXTI10
SH.GPXTI10.ConfNb=1
SH.GPXTI11.0=GPIO_EXTI11
SH.GPXTI11.ConfNb=1
SH.GPXTI12.0=GPIO_EXTI12
SH.GPXTI12.ConfNb=1
SH.GPXTI13.0=GPIO_EXTI13
SH.GPXTI13.ConfNb=1
SH.GPXTI14.0=GPIO_EXTI14
SH.GPXTI14.ConfNb=1
SH.GPXTI15.0=GPIO_EXTI15
SH.GPXTI15.ConfNb=1
SH.GPXTI2.0=GPIO_EXTI2
SH.GPXTI2.ConfNb=1
SH.GPXTI3.0=GPIO_EXTI3
SH.GPXTI3.ConfNb=1
SH.GPXTI4.0=GPIO_EXTI4
SH.GPXTI4.ConfNb=1
SH.GPXTI5.0=GPIO_EXTI5
SH.GPXTI5.ConfNb=1
SH.GPXTI6.0=GPIO_EXTI6
SH.GPXTI6.ConfNb=1
SH.GPXTI7.0=GPIO_EXTI7
SH.GPXTI7.ConfNb=1
SH.GPXTI8.0=GPIO_EXTI8
SH.GPXTI8.ConfNb=1
SH.GPXTI9.0=GPIO_EXTI9
SH.GPXTI9.ConfNb=1
USART1.IPParameters=VirtualMode
USART1.VirtualMode=VM_ASYNC
VP_SYS_VS_ND.Mode=No_Debug
VP_SYS_VS_ND.Signal=SYS_VS_ND
VP_SYS_VS_Systick.Mode=SysTick
VP_SYS_VS_Systick.Signal=SYS_VS_Systick
board=custom
